{
  "requires": true,
  "lockfileVersion": 1,
  "dependencies": {
    "@angular/core": {
      "version": "7.2.1",
      "resolved": "https://registry.npmjs.org/@angular/core/-/core-7.2.1.tgz",
      "integrity": "sha512-FYNAf4chxBoIVGCW2+fwR2MB2Ur5v1aG9L6zCcMXlZLbR64bu5j2m4e70RhXk/VptKvYWJ45od3xE5KfcaeEig==",
      "requires": {
        "tslib": "^1.9.0"
      }
    },
    "@ngrx/effects": {
      "version": "7.2.0",
      "resolved": "https://registry.npmjs.org/@ngrx/effects/-/effects-7.2.0.tgz",
      "integrity": "sha512-vymKSoubYlUWGbiclPK0N/LwB409sB9atjSTQRy2EisZfFtQ2tCDqmk4JGgDy/gV9SqZWrwPSy1xXsLqYnyN3g=="
    },
    "tslib": {
      "version": "1.9.3",
      "resolved": "https://registry.npmjs.org/tslib/-/tslib-1.9.3.tgz",
      "integrity": "sha512-4krF8scpejhaOgqzBEcGM7yDIEfi0/8+8zDRZhNZZ2kjmHJ4hv3zCbQWxoJGz1iw5U0Jl0nma13xzHXcncMavQ=="
    }
  }
}
